
Microsoft Visual Studio Solution File, Format Version 12.00
# Visual Studio 15
VisualStudioVersion = 15.0.27130.2003
MinimumVisualStudioVersion = 10.0.40219.1
Project("{FAE04EC0-301F-11D3-BF4B-00C04F79EFBC}") = "AnsBallBot", "AnsBallBot\AnsBallBot.csproj", "{049FE285-EC2B-4034-87B1-28CE66A65BFE}"
EndProject
Global
	GlobalSection(SolutionConfigurationPlatforms) = preSolution
		Debug|Any CPU = Debug|Any CPU
		Release|Any CPU = Release|Any CPU
	EndGlobalSection
	GlobalSection(ProjectConfigurationPlatforms) = postSolution
		{049FE285-EC2B-4034-87B1-28CE66A65BFE}.Debug|Any CPU.ActiveCfg = Debug|Any CPU
		{049FE285-EC2B-4034-87B1-28CE66A65BFE}.Debug|Any CPU.Build.0 = Debug|Any CPU
		{049FE285-EC2B-4034-87B1-28CE66A65BFE}.Release|Any CPU.ActiveCfg = Release|Any CPU
		{049FE285-EC2B-4034-87B1-28CE66A65BFE}.Release|Any CPU.Build.0 = Release|Any CPU
	EndGlobalSection
	GlobalSection(SolutionProperties) = preSolution
		HideSolutionNode = FALSE
	EndGlobalSection
	GlobalSection(ExtensibilityGlobals) = postSolution
		SolutionGuid = {BA4F5486-1D9C-4879-81D3-174DC7991740}
	EndGlobalSection
EndGlobal
